
Microsoft Visual Studio Solution File, Format Version 12.00
Project("{F2A71F9B-5D33-465A-A702-920D77279786}") = "advent2023", "advent2023.fsproj", "{5A19971F-A0FE-482E-BE99-8DF371F84A34}"
EndProject
Project("{2150E333-8FDC-42A3-9474-1A3956D46DE8}") = "SolutionItems", "SolutionItems", "{EC738EA1-C40C-4A8E-A7C1-8CB770984A91}"
	ProjectSection(SolutionItems) = preProject
		Gitignore = .gitignore
	EndProjectSection
EndProject
Project("{F2A71F9B-5D33-465A-A702-920D77279786}") = "Benchmarks", "Benchmarks\Benchmarks.fsproj", "{2C998233-38BE-4CA4-8ABC-CA029C57061B}"
EndProject
Global
	GlobalSection(SolutionConfigurationPlatforms) = preSolution
		Debug|Any CPU = Debug|Any CPU
		Release|Any CPU = Release|Any CPU
	EndGlobalSection
	GlobalSection(ProjectConfigurationPlatforms) = postSolution
		{5A19971F-A0FE-482E-BE99-8DF371F84A34}.Debug|Any CPU.ActiveCfg = Debug|Any CPU
		{5A19971F-A0FE-482E-BE99-8DF371F84A34}.Debug|Any CPU.Build.0 = Debug|Any CPU
		{5A19971F-A0FE-482E-BE99-8DF371F84A34}.Release|Any CPU.ActiveCfg = Release|Any CPU
		{5A19971F-A0FE-482E-BE99-8DF371F84A34}.Release|Any CPU.Build.0 = Release|Any CPU
		{2C998233-38BE-4CA4-8ABC-CA029C57061B}.Debug|Any CPU.ActiveCfg = Debug|Any CPU
		{2C998233-38BE-4CA4-8ABC-CA029C57061B}.Debug|Any CPU.Build.0 = Debug|Any CPU
		{2C998233-38BE-4CA4-8ABC-CA029C57061B}.Release|Any CPU.ActiveCfg = Release|Any CPU
		{2C998233-38BE-4CA4-8ABC-CA029C57061B}.Release|Any CPU.Build.0 = Release|Any CPU
	EndGlobalSection
	GlobalSection(NestedProjects) = preSolution
	EndGlobalSection
EndGlobal
